
Microsoft Visual Studio Solution File, Format Version 12.00
Project("{2150E333-8FDC-42A3-9474-1A3956D46DE8}") = "Presentation", "Presentation", "{B537E275-428E-43BB-8F9D-061C06E574C8}"
EndProject
Project("{2150E333-8FDC-42A3-9474-1A3956D46DE8}") = "Core", "Core", "{32C0B73A-0180-47CA-893A-D45314C894C4}"
EndProject
Project("{2150E333-8FDC-42A3-9474-1A3956D46DE8}") = "Infrastructure", "Infrastructure", "{82342EE5-B3E7-4FAF-95CE-A07C64D673A1}"
EndProject
Project("{FAE04EC0-301F-11D3-BF4B-00C04F79EFBC}") = "API", "API\API.csproj", "{8AEFF57A-543E-4F05-BD95-CEF864EAE820}"
EndProject
Project("{2150E333-8FDC-42A3-9474-1A3956D46DE8}") = "Domain", "Domain", "{7327A9B6-C8DF-47D2-8F6C-78A869C71ADF}"
EndProject
Project("{2150E333-8FDC-42A3-9474-1A3956D46DE8}") = "Application", "Application", "{31DB8AF7-E65F-4A16-835F-92BADD6ED680}"
EndProject
Project("{FAE04EC0-301F-11D3-BF4B-00C04F79EFBC}") = "Application", "Application\Application.csproj", "{B899359C-F28E-4539-BA85-DE97779AE8AF}"
EndProject
Project("{FAE04EC0-301F-11D3-BF4B-00C04F79EFBC}") = "Domain", "Domain\Domain.csproj", "{FAB2831A-942F-44B2-A35D-98A111E4F48D}"
EndProject
Project("{FAE04EC0-301F-11D3-BF4B-00C04F79EFBC}") = "Infrastructure", "Infrastructure\Infrastructure.csproj", "{F366E353-B2AE-413F-9D66-82A6B6010AE4}"
EndProject
Global
	GlobalSection(SolutionConfigurationPlatforms) = preSolution
		Debug|Any CPU = Debug|Any CPU
		Release|Any CPU = Release|Any CPU
	EndGlobalSection
	GlobalSection(NestedProjects) = preSolution
		{8AEFF57A-543E-4F05-BD95-CEF864EAE820} = {B537E275-428E-43BB-8F9D-061C06E574C8}
		{7327A9B6-C8DF-47D2-8F6C-78A869C71ADF} = {32C0B73A-0180-47CA-893A-D45314C894C4}
		{31DB8AF7-E65F-4A16-835F-92BADD6ED680} = {32C0B73A-0180-47CA-893A-D45314C894C4}
		{B899359C-F28E-4539-BA85-DE97779AE8AF} = {31DB8AF7-E65F-4A16-835F-92BADD6ED680}
		{FAB2831A-942F-44B2-A35D-98A111E4F48D} = {7327A9B6-C8DF-47D2-8F6C-78A869C71ADF}
		{F366E353-B2AE-413F-9D66-82A6B6010AE4} = {82342EE5-B3E7-4FAF-95CE-A07C64D673A1}
	EndGlobalSection
	GlobalSection(ProjectConfigurationPlatforms) = postSolution
		{8AEFF57A-543E-4F05-BD95-CEF864EAE820}.Debug|Any CPU.ActiveCfg = Debug|Any CPU
		{8AEFF57A-543E-4F05-BD95-CEF864EAE820}.Debug|Any CPU.Build.0 = Debug|Any CPU
		{8AEFF57A-543E-4F05-BD95-CEF864EAE820}.Release|Any CPU.ActiveCfg = Release|Any CPU
		{8AEFF57A-543E-4F05-BD95-CEF864EAE820}.Release|Any CPU.Build.0 = Release|Any CPU
		{B899359C-F28E-4539-BA85-DE97779AE8AF}.Debug|Any CPU.ActiveCfg = Debug|Any CPU
		{B899359C-F28E-4539-BA85-DE97779AE8AF}.Debug|Any CPU.Build.0 = Debug|Any CPU
		{B899359C-F28E-4539-BA85-DE97779AE8AF}.Release|Any CPU.ActiveCfg = Release|Any CPU
		{B899359C-F28E-4539-BA85-DE97779AE8AF}.Release|Any CPU.Build.0 = Release|Any CPU
		{FAB2831A-942F-44B2-A35D-98A111E4F48D}.Debug|Any CPU.ActiveCfg = Debug|Any CPU
		{FAB2831A-942F-44B2-A35D-98A111E4F48D}.Debug|Any CPU.Build.0 = Debug|Any CPU
		{FAB2831A-942F-44B2-A35D-98A111E4F48D}.Release|Any CPU.ActiveCfg = Release|Any CPU
		{FAB2831A-942F-44B2-A35D-98A111E4F48D}.Release|Any CPU.Build.0 = Release|Any CPU
		{F366E353-B2AE-413F-9D66-82A6B6010AE4}.Debug|Any CPU.ActiveCfg = Debug|Any CPU
		{F366E353-B2AE-413F-9D66-82A6B6010AE4}.Debug|Any CPU.Build.0 = Debug|Any CPU
		{F366E353-B2AE-413F-9D66-82A6B6010AE4}.Release|Any CPU.ActiveCfg = Release|Any CPU
		{F366E353-B2AE-413F-9D66-82A6B6010AE4}.Release|Any CPU.Build.0 = Release|Any CPU
	EndGlobalSection
EndGlobal
